
Microsoft Visual Studio Solution File, Format Version 12.00
# Visual Studio 15
VisualStudioVersion = 15.0.26430.6
MinimumVisualStudioVersion = 10.0.40219.1
Project("{FAE04EC0-301F-11D3-BF4B-00C04F79EFBC}") = "WebApp", "WebApp\WebApp.csproj", "{20E123F8-AC83-4621-B726-BC64D7357FA5}"
EndProject
Project("{FAE04EC0-301F-11D3-BF4B-00C04F79EFBC}") = "ClientApp", "ClientApp\ClientApp.csproj", "{7A00975F-EEE7-41FB-B89E-126F3BD32FCC}"
EndProject
Project("{2150E333-8FDC-42A3-9474-1A3956D46DE8}") = "Scripts", "Scripts", "{58B6BEE1-2C45-4A50-B675-51E292CFBAEF}"
	ProjectSection(SolutionItems) = preProject
		Scripts\CreateApplicationInsights.ps1 = Scripts\CreateApplicationInsights.ps1
	EndProjectSection
EndProject
Project("{2150E333-8FDC-42A3-9474-1A3956D46DE8}") = "Queries", "Queries", "{0F7E2F08-16E9-4CFC-BB29-E2404044701D}"
	ProjectSection(SolutionItems) = preProject
		Queries\Query.aiql = Queries\Query.aiql
	EndProjectSection
EndProject
Global
	GlobalSection(SolutionConfigurationPlatforms) = preSolution
		Debug|Any CPU = Debug|Any CPU
		Release|Any CPU = Release|Any CPU
	EndGlobalSection
	GlobalSection(ProjectConfigurationPlatforms) = postSolution
		{20E123F8-AC83-4621-B726-BC64D7357FA5}.Debug|Any CPU.ActiveCfg = Debug|Any CPU
		{20E123F8-AC83-4621-B726-BC64D7357FA5}.Debug|Any CPU.Build.0 = Debug|Any CPU
		{20E123F8-AC83-4621-B726-BC64D7357FA5}.Release|Any CPU.ActiveCfg = Release|Any CPU
		{20E123F8-AC83-4621-B726-BC64D7357FA5}.Release|Any CPU.Build.0 = Release|Any CPU
		{7A00975F-EEE7-41FB-B89E-126F3BD32FCC}.Debug|Any CPU.ActiveCfg = Debug|Any CPU
		{7A00975F-EEE7-41FB-B89E-126F3BD32FCC}.Debug|Any CPU.Build.0 = Debug|Any CPU
		{7A00975F-EEE7-41FB-B89E-126F3BD32FCC}.Release|Any CPU.ActiveCfg = Release|Any CPU
		{7A00975F-EEE7-41FB-B89E-126F3BD32FCC}.Release|Any CPU.Build.0 = Release|Any CPU
	EndGlobalSection
	GlobalSection(SolutionProperties) = preSolution
		HideSolutionNode = FALSE
	EndGlobalSection
EndGlobal
